
Microsoft Visual Studio Solution File, Format Version 12.00
# Visual Studio Version 16
VisualStudioVersion = 16.0.29324.140
MinimumVisualStudioVersion = 10.0.40219.1
Project("{FAE04EC0-301F-11D3-BF4B-00C04F79EFBC}") = "DssdemoApiApp", "DssdemoApiApp\DssdemoApiApp.csproj", "{0E026BA8-A75F-48B7-9DC8-8F87345A0A67}"
EndProject
Global
	GlobalSection(SolutionConfigurationPlatforms) = preSolution
		Debug|Any CPU = Debug|Any CPU
		Release|Any CPU = Release|Any CPU
	EndGlobalSection
	GlobalSection(ProjectConfigurationPlatforms) = postSolution
		{0E026BA8-A75F-48B7-9DC8-8F87345A0A67}.Debug|Any CPU.ActiveCfg = Debug|Any CPU
		{0E026BA8-A75F-48B7-9DC8-8F87345A0A67}.Debug|Any CPU.Build.0 = Debug|Any CPU
		{0E026BA8-A75F-48B7-9DC8-8F87345A0A67}.Release|Any CPU.ActiveCfg = Release|Any CPU
		{0E026BA8-A75F-48B7-9DC8-8F87345A0A67}.Release|Any CPU.Build.0 = Release|Any CPU
	EndGlobalSection
	GlobalSection(SolutionProperties) = preSolution
		HideSolutionNode = FALSE
	EndGlobalSection
	GlobalSection(ExtensibilityGlobals) = postSolution
		SolutionGuid = {B3D85C8C-1AB6-4FD8-A71F-2227D082F8AA}
	EndGlobalSection
EndGlobal
